// !$*UTF8*$!
{
	archiveVersion = 1;
	classes = {
	};
	objectVersion = 56;
	objects = {

/* Begin PBXBuildFile section */
		6149CA3F2A01C08A0070D658 /* TextToSpeechView.swift in Sources */ = {isa = PBXBuildFile; fileRef = 6149CA3E2A01C08A0070D658 /* TextToSpeechView.swift */; };
		6149CA432A01C4320070D658 /* SpeechToTextView.swift in Sources */ = {isa = PBXBuildFile; fileRef = 6149CA422A01C4320070D658 /* SpeechToTextView.swift */; };
		6149CA492A01CA820070D658 /* SpeechRecognizer.swift in Sources */ = {isa = PBXBuildFile; fileRef = 6149CA482A01CA820070D658 /* SpeechRecognizer.swift */; };
		6149CA4B2A01D2E40070D658 /* SpeakButtonView.swift in Sources */ = {isa = PBXBuildFile; fileRef = 6149CA4A2A01D2E40070D658 /* SpeakButtonView.swift */; };
		6149CA522A01E5140070D658 /* CompletedStageController.swift in Sources */ = {isa = PBXBuildFile; fileRef = 6149CA512A01E5140070D658 /* CompletedStageController.swift */; };
		6149CA562A01E7FE0070D658 /* CompletedStageModel.xcdatamodeld in Sources */ = {isa = PBXBuildFile; fileRef = 6149CA532A01E7FE0070D658 /* CompletedStageModel.xcdatamodeld */; };
		6149CA5E2A01FD2E0070D658 /* PhotoView.swift in Sources */ = {isa = PBXBuildFile; fileRef = 6149CA5D2A01FD2E0070D658 /* PhotoView.swift */; };
		6149CA602A01FD730070D658 /* SUImagePickerView.swift in Sources */ = {isa = PBXBuildFile; fileRef = 6149CA5F2A01FD730070D658 /* SUImagePickerView.swift */; };
		6149CA622A0210010070D658 /* CircleView.swift in Sources */ = {isa = PBXBuildFile; fileRef = 6149CA612A0210010070D658 /* CircleView.swift */; };
		6AAB7FAA2A01474900980A39 /* InputPageView.swift in Sources */ = {isa = PBXBuildFile; fileRef = 6AAB7FA92A01474900980A39 /* InputPageView.swift */; };
		6AAB7FAC2A01548000980A39 /* InputProfilePic.swift in Sources */ = {isa = PBXBuildFile; fileRef = 6AAB7FAB2A01548000980A39 /* InputProfilePic.swift */; };
		6AAB7FAE2A01589900980A39 /* ImagePickerView.swift in Sources */ = {isa = PBXBuildFile; fileRef = 6AAB7FAD2A01589900980A39 /* ImagePickerView.swift */; };
		C40589CD29F7683700E76068 /* JourneyView.swift in Sources */ = {isa = PBXBuildFile; fileRef = C40589CC29F7683700E76068 /* JourneyView.swift */; };
		C40589D229F76B5500E76068 /* Stage.swift in Sources */ = {isa = PBXBuildFile; fileRef = C40589D129F76B5500E76068 /* Stage.swift */; };
		C40589DE29F77CE600E76068 /* StageCircle.swift in Sources */ = {isa = PBXBuildFile; fileRef = C40589DD29F77CE600E76068 /* StageCircle.swift */; };
		C420A64629F630D800C028D8 /* HintCarousel.swift in Sources */ = {isa = PBXBuildFile; fileRef = C420A64529F630D800C028D8 /* HintCarousel.swift */; };
		C420A64829F658E100C028D8 /* IndicatorView.swift in Sources */ = {isa = PBXBuildFile; fileRef = C420A64729F658E100C028D8 /* IndicatorView.swift */; };
		C449E8D129ED729900F9409F /* ToddTalksApp.swift in Sources */ = {isa = PBXBuildFile; fileRef = C449E8D029ED729900F9409F /* ToddTalksApp.swift */; };
		C449E8D529ED729A00F9409F /* Assets.xcassets in Resources */ = {isa = PBXBuildFile; fileRef = C449E8D429ED729A00F9409F /* Assets.xcassets */; };
		C449E8D829ED729A00F9409F /* Preview Assets.xcassets in Resources */ = {isa = PBXBuildFile; fileRef = C449E8D729ED729A00F9409F /* Preview Assets.xcassets */; };
		C449E8DA29ED729A00F9409F /* Persistence.swift in Sources */ = {isa = PBXBuildFile; fileRef = C449E8D929ED729A00F9409F /* Persistence.swift */; };
		C449E8DD29ED729A00F9409F /* ToddTalks.xcdatamodeld in Sources */ = {isa = PBXBuildFile; fileRef = C449E8DB29ED729A00F9409F /* ToddTalks.xcdatamodeld */; };
		C449E8E629ED730600F9409F /* MilestoneView.swift in Sources */ = {isa = PBXBuildFile; fileRef = C449E8E529ED730600F9409F /* MilestoneView.swift */; };
		C449E8EB29ED7C1800F9409F /* Colors.xcassets in Resources */ = {isa = PBXBuildFile; fileRef = C449E8EA29ED7C1800F9409F /* Colors.xcassets */; };
		C449E8ED29ED7D5600F9409F /* Color+App.swift in Sources */ = {isa = PBXBuildFile; fileRef = C449E8EC29ED7D5600F9409F /* Color+App.swift */; };
		C449E8F629ED809000F9409F /* Fonts.swift in Sources */ = {isa = PBXBuildFile; fileRef = C449E8F529ED809000F9409F /* Fonts.swift */; };
		C449E8F729ED88B900F9409F /* SassoonSansStd-Bold.otf in Resources */ = {isa = PBXBuildFile; fileRef = C449E8F129ED7FF900F9409F /* SassoonSansStd-Bold.otf */; };
		C449E8F829ED88BB00F9409F /* SassoonSansStd-Medium.otf in Resources */ = {isa = PBXBuildFile; fileRef = C449E8F229ED7FFA00F9409F /* SassoonSansStd-Medium.otf */; };
		C449E8F929ED88C300F9409F /* SassoonSansStd.otf in Resources */ = {isa = PBXBuildFile; fileRef = C449E8F029ED7FF900F9409F /* SassoonSansStd.otf */; };
		C449E8FE29ED8A5600F9409F /* AudioPlayer.swift in Sources */ = {isa = PBXBuildFile; fileRef = C449E8FD29ED8A5600F9409F /* AudioPlayer.swift */; };
		C449E90229ED8AC600F9409F /* Prompt.swift in Sources */ = {isa = PBXBuildFile; fileRef = C449E90129ED8AC600F9409F /* Prompt.swift */; };
		C449E90429ED8AF500F9409F /* LottieView.swift in Sources */ = {isa = PBXBuildFile; fileRef = C449E90329ED8AF500F9409F /* LottieView.swift */; };
		C449E91029ED8C8C00F9409F /* RaisedButtonStyle.swift in Sources */ = {isa = PBXBuildFile; fileRef = C449E90F29ED8C8C00F9409F /* RaisedButtonStyle.swift */; };
		C449E91429ED92B300F9409F /* MilestoneCardView.swift in Sources */ = {isa = PBXBuildFile; fileRef = C449E91329ED92B300F9409F /* MilestoneCardView.swift */; };
		C449E91929ED983F00F9409F /* Lotties.swift in Sources */ = {isa = PBXBuildFile; fileRef = C449E91829ED983F00F9409F /* Lotties.swift */; };
		C449E91B29EE23F200F9409F /* ProgressBarView.swift in Sources */ = {isa = PBXBuildFile; fileRef = C449E91A29EE23F200F9409F /* ProgressBarView.swift */; };
		C449E91E29EE2AFC00F9409F /* HintText.swift in Sources */ = {isa = PBXBuildFile; fileRef = C449E91D29EE2AFC00F9409F /* HintText.swift */; };
		C46F1D952A00B78800C34D62 /* SectionDetailSheet.swift in Sources */ = {isa = PBXBuildFile; fileRef = C46F1D942A00B78800C34D62 /* SectionDetailSheet.swift */; };
		C46F1D972A00BAB500C34D62 /* SpeechBubble.swift in Sources */ = {isa = PBXBuildFile; fileRef = C46F1D962A00BAB500C34D62 /* SpeechBubble.swift */; };
		C46F1D992A00BD2200C34D62 /* SectionGuideline.swift in Sources */ = {isa = PBXBuildFile; fileRef = C46F1D982A00BD2200C34D62 /* SectionGuideline.swift */; };
		C46F1DA12A02027E00C34D62 /* AchievementAvatar.swift in Sources */ = {isa = PBXBuildFile; fileRef = C46F1DA02A02027E00C34D62 /* AchievementAvatar.swift */; };
		C46F1DA32A02039C00C34D62 /* AchievementRow.swift in Sources */ = {isa = PBXBuildFile; fileRef = C46F1DA22A02039C00C34D62 /* AchievementRow.swift */; };
		C46F1DA52A0203B900C34D62 /* Achievement.swift in Sources */ = {isa = PBXBuildFile; fileRef = C46F1DA42A0203B900C34D62 /* Achievement.swift */; };
		C46F1DA72A02054700C34D62 /* AchievementListView.swift in Sources */ = {isa = PBXBuildFile; fileRef = C46F1DA62A02054700C34D62 /* AchievementListView.swift */; };
		C46F1DAA2A021DAF00C34D62 /* Lottie in Frameworks */ = {isa = PBXBuildFile; productRef = C46F1DA92A021DAF00C34D62 /* Lottie */; };
		C47F48A629FFF3650094BFA9 /* baby.json in Resources */ = {isa = PBXBuildFile; fileRef = C47F48A529FFF3650094BFA9 /* baby.json */; };
		C47F48A82A0000800094BFA9 /* MilestoneViewModel.swift in Sources */ = {isa = PBXBuildFile; fileRef = C47F48A72A0000800094BFA9 /* MilestoneViewModel.swift */; };
		C47F48AA2A00503B0094BFA9 /* StageSectionView.swift in Sources */ = {isa = PBXBuildFile; fileRef = C47F48A92A00503B0094BFA9 /* StageSectionView.swift */; };
		C47F48AC2A0055C30094BFA9 /* StageViewModel.swift in Sources */ = {isa = PBXBuildFile; fileRef = C47F48AB2A0055C30094BFA9 /* StageViewModel.swift */; };
		C4BAF53029F6D2D70077DD6D /* ShimmerEffect.swift in Sources */ = {isa = PBXBuildFile; fileRef = C4BAF52F29F6D2D70077DD6D /* ShimmerEffect.swift */; };
		C4C30C1629F61B5B006EC836 /* StageDialog.swift in Sources */ = {isa = PBXBuildFile; fileRef = C4C30C1529F61B5B006EC836 /* StageDialog.swift */; };
		C4E7680D29FFE18900F92A56 /* StageButton.swift in Sources */ = {isa = PBXBuildFile; fileRef = C4E7680C29FFE18900F92A56 /* StageButton.swift */; };
		C4E7681129FFE1FC00F92A56 /* Milestone.swift in Sources */ = {isa = PBXBuildFile; fileRef = C4E7681029FFE1FC00F92A56 /* Milestone.swift */; };
		C4E7681329FFE22500F92A56 /* SnapCarouselView.swift in Sources */ = {isa = PBXBuildFile; fileRef = C4E7681229FFE22500F92A56 /* SnapCarouselView.swift */; };
		C4E7681D29FFE3D800F92A56 /* VideoModalSheetView.swift in Sources */ = {isa = PBXBuildFile; fileRef = C4E7681C29FFE3D800F92A56 /* VideoModalSheetView.swift */; };
		C4E7682029FFE3FB00F92A56 /* PlayVideoButton.swift in Sources */ = {isa = PBXBuildFile; fileRef = C4E7681F29FFE3FB00F92A56 /* PlayVideoButton.swift */; };
		C4E7682529FFEF1E00F92A56 /* NiceSugar.otf in Resources */ = {isa = PBXBuildFile; fileRef = C4E7682429FFEF1E00F92A56 /* NiceSugar.otf */; };
		E1B676472A00E2BF009CC879 /* warna.json in Resources */ = {isa = PBXBuildFile; fileRef = E1B6762E2A00E2BE009CC879 /* warna.json */; };
		E1B676482A00E2BF009CC879 /* senyum.json in Resources */ = {isa = PBXBuildFile; fileRef = E1B6762F2A00E2BE009CC879 /* senyum.json */; };
		E1B676492A00E2BF009CC879 /* biru.json in Resources */ = {isa = PBXBuildFile; fileRef = E1B676302A00E2BE009CC879 /* biru.json */; };
		E1B6764A2A00E2BF009CC879 /* pisang.json in Resources */ = {isa = PBXBuildFile; fileRef = E1B676312A00E2BE009CC879 /* pisang.json */; };
		E1B6764B2A00E2BF009CC879 /* tunjuk.json in Resources */ = {isa = PBXBuildFile; fileRef = E1B676322A00E2BE009CC879 /* tunjuk.json */; };
		E1B6764C2A00E2BF009CC879 /* pisang 2.json in Resources */ = {isa = PBXBuildFile; fileRef = E1B676332A00E2BE009CC879 /* pisang 2.json */; };
		E1B6764D2A00E2BF009CC879 /* bye.json in Resources */ = {isa = PBXBuildFile; fileRef = E1B676342A00E2BE009CC879 /* bye.json */; };
		E1B6764E2A00E2BF009CC879 /* bye2.json in Resources */ = {isa = PBXBuildFile; fileRef = E1B676352A00E2BE009CC879 /* bye2.json */; };
		E1B6764F2A00E2BF009CC879 /* mobil.json in Resources */ = {isa = PBXBuildFile; fileRef = E1B676362A00E2BE009CC879 /* mobil.json */; };
		E1B676502A00E2BF009CC879 /* tos.json in Resources */ = {isa = PBXBuildFile; fileRef = E1B676372A00E2BF009CC879 /* tos.json */; };
		E1B676512A00E2BF009CC879 /* hijau.json in Resources */ = {isa = PBXBuildFile; fileRef = E1B676382A00E2BF009CC879 /* hijau.json */; };
		E1B676522A00E2BF009CC879 /* blow kiss.json in Resources */ = {isa = PBXBuildFile; fileRef = E1B676392A00E2BF009CC879 /* blow kiss.json */; };
		E1B676532A00E2BF009CC879 /* melon.json in Resources */ = {isa = PBXBuildFile; fileRef = E1B6763A2A00E2BF009CC879 /* melon.json */; };
		E1B676542A00E2BF009CC879 /* hiu.json in Resources */ = {isa = PBXBuildFile; fileRef = E1B6763B2A00E2BF009CC879 /* hiu.json */; };
		E1B676552A00E2BF009CC879 /* labu.json in Resources */ = {isa = PBXBuildFile; fileRef = E1B6763C2A00E2BF009CC879 /* labu.json */; };
		E1B676562A00E2BF009CC879 /* halo.json in Resources */ = {isa = PBXBuildFile; fileRef = E1B6763D2A00E2BF009CC879 /* halo.json */; };
		E1B676572A00E2BF009CC879 /* buku.json in Resources */ = {isa = PBXBuildFile; fileRef = E1B6763E2A00E2BF009CC879 /* buku.json */; };
		E1B676582A00E2BF009CC879 /* tepuk tangan.json in Resources */ = {isa = PBXBuildFile; fileRef = E1B6763F2A00E2BF009CC879 /* tepuk tangan.json */; };
		E1B676592A00E2BF009CC879 /* awan2.json in Resources */ = {isa = PBXBuildFile; fileRef = E1B676402A00E2BF009CC879 /* awan2.json */; };
		E1B6765A2A00E2BF009CC879 /* awan.json in Resources */ = {isa = PBXBuildFile; fileRef = E1B676412A00E2BF009CC879 /* awan.json */; };
		E1B6765B2A00E2BF009CC879 /* mama.json in Resources */ = {isa = PBXBuildFile; fileRef = E1B676422A00E2BF009CC879 /* mama.json */; };
		E1B6765C2A00E2BF009CC879 /* papa.json in Resources */ = {isa = PBXBuildFile; fileRef = E1B676432A00E2BF009CC879 /* papa.json */; };
		E1B6765D2A00E2BF009CC879 /* waktu.json in Resources */ = {isa = PBXBuildFile; fileRef = E1B676442A00E2BF009CC879 /* waktu.json */; };
		E1B6765E2A00E2BF009CC879 /* sapi2.json in Resources */ = {isa = PBXBuildFile; fileRef = E1B676452A00E2BF009CC879 /* sapi2.json */; };
		E1B6765F2A00E2BF009CC879 /* sapi.json in Resources */ = {isa = PBXBuildFile; fileRef = E1B676462A00E2BF009CC879 /* sapi.json */; };
		E1B676672A00E4D0009CC879 /* GameSceneView.swift in Sources */ = {isa = PBXBuildFile; fileRef = E1B676662A00E4D0009CC879 /* GameSceneView.swift */; };
		E1B676692A00E554009CC879 /* Checkmark.swift in Sources */ = {isa = PBXBuildFile; fileRef = E1B676682A00E554009CC879 /* Checkmark.swift */; };
		E1B6766D2A00E58A009CC879 /* ChatBubble.swift in Sources */ = {isa = PBXBuildFile; fileRef = E1B6766C2A00E58A009CC879 /* ChatBubble.swift */; };
		E1B6766F2A00E5C1009CC879 /* Audio and Video.swift in Sources */ = {isa = PBXBuildFile; fileRef = E1B6766E2A00E5C1009CC879 /* Audio and Video.swift */; };
/* End PBXBuildFile section */

/* Begin PBXFileReference section */
		6149CA3E2A01C08A0070D658 /* TextToSpeechView.swift */ = {isa = PBXFileReference; lastKnownFileType = sourcecode.swift; path = TextToSpeechView.swift; sourceTree = "<group>"; };
		6149CA422A01C4320070D658 /* SpeechToTextView.swift */ = {isa = PBXFileReference; lastKnownFileType = sourcecode.swift; path = SpeechToTextView.swift; sourceTree = "<group>"; };
		6149CA482A01CA820070D658 /* SpeechRecognizer.swift */ = {isa = PBXFileReference; lastKnownFileType = sourcecode.swift; path = SpeechRecognizer.swift; sourceTree = "<group>"; };
		6149CA4A2A01D2E40070D658 /* SpeakButtonView.swift */ = {isa = PBXFileReference; lastKnownFileType = sourcecode.swift; path = SpeakButtonView.swift; sourceTree = "<group>"; };
		6149CA512A01E5140070D658 /* CompletedStageController.swift */ = {isa = PBXFileReference; lastKnownFileType = sourcecode.swift; path = CompletedStageController.swift; sourceTree = "<group>"; };
		6149CA542A01E7FE0070D658 /* CompletedStageModel.xcdatamodel */ = {isa = PBXFileReference; lastKnownFileType = wrapper.xcdatamodel; path = CompletedStageModel.xcdatamodel; sourceTree = "<group>"; };
		6149CA552A01E7FE0070D658 /* StageModel.xcdatamodel */ = {isa = PBXFileReference; lastKnownFileType = wrapper.xcdatamodel; path = StageModel.xcdatamodel; sourceTree = "<group>"; };
		6149CA5D2A01FD2E0070D658 /* PhotoView.swift */ = {isa = PBXFileReference; lastKnownFileType = sourcecode.swift; path = PhotoView.swift; sourceTree = "<group>"; };
		6149CA5F2A01FD730070D658 /* SUImagePickerView.swift */ = {isa = PBXFileReference; lastKnownFileType = sourcecode.swift; path = SUImagePickerView.swift; sourceTree = "<group>"; };
		6149CA612A0210010070D658 /* CircleView.swift */ = {isa = PBXFileReference; lastKnownFileType = sourcecode.swift; path = CircleView.swift; sourceTree = "<group>"; };
		6AAB7FA92A01474900980A39 /* InputPageView.swift */ = {isa = PBXFileReference; lastKnownFileType = sourcecode.swift; path = InputPageView.swift; sourceTree = "<group>"; };
		6AAB7FAB2A01548000980A39 /* InputProfilePic.swift */ = {isa = PBXFileReference; lastKnownFileType = sourcecode.swift; path = InputProfilePic.swift; sourceTree = "<group>"; };
		6AAB7FAD2A01589900980A39 /* ImagePickerView.swift */ = {isa = PBXFileReference; lastKnownFileType = sourcecode.swift; path = ImagePickerView.swift; sourceTree = "<group>"; };
		C40589CC29F7683700E76068 /* JourneyView.swift */ = {isa = PBXFileReference; lastKnownFileType = sourcecode.swift; path = JourneyView.swift; sourceTree = "<group>"; };
		C40589D129F76B5500E76068 /* Stage.swift */ = {isa = PBXFileReference; lastKnownFileType = sourcecode.swift; path = Stage.swift; sourceTree = "<group>"; };
		C40589DD29F77CE600E76068 /* StageCircle.swift */ = {isa = PBXFileReference; lastKnownFileType = sourcecode.swift; path = StageCircle.swift; sourceTree = "<group>"; };
		C420A64529F630D800C028D8 /* HintCarousel.swift */ = {isa = PBXFileReference; lastKnownFileType = sourcecode.swift; path = HintCarousel.swift; sourceTree = "<group>"; };
		C420A64729F658E100C028D8 /* IndicatorView.swift */ = {isa = PBXFileReference; lastKnownFileType = sourcecode.swift; path = IndicatorView.swift; sourceTree = "<group>"; };
		C449E8CD29ED729900F9409F /* ToddTalks.app */ = {isa = PBXFileReference; explicitFileType = wrapper.application; includeInIndex = 0; path = ToddTalks.app; sourceTree = BUILT_PRODUCTS_DIR; };
		C449E8D029ED729900F9409F /* ToddTalksApp.swift */ = {isa = PBXFileReference; lastKnownFileType = sourcecode.swift; path = ToddTalksApp.swift; sourceTree = "<group>"; };
		C449E8D429ED729A00F9409F /* Assets.xcassets */ = {isa = PBXFileReference; lastKnownFileType = folder.assetcatalog; path = Assets.xcassets; sourceTree = "<group>"; };
		C449E8D729ED729A00F9409F /* Preview Assets.xcassets */ = {isa = PBXFileReference; lastKnownFileType = folder.assetcatalog; path = "Preview Assets.xcassets"; sourceTree = "<group>"; };
		C449E8D929ED729A00F9409F /* Persistence.swift */ = {isa = PBXFileReference; lastKnownFileType = sourcecode.swift; path = Persistence.swift; sourceTree = "<group>"; };
		C449E8DC29ED729A00F9409F /* ToddTalks.xcdatamodel */ = {isa = PBXFileReference; lastKnownFileType = wrapper.xcdatamodel; path = ToddTalks.xcdatamodel; sourceTree = "<group>"; };
		C449E8DE29ED729A00F9409F /* Info.plist */ = {isa = PBXFileReference; lastKnownFileType = text.plist.xml; path = Info.plist; sourceTree = "<group>"; };
		C449E8E529ED730600F9409F /* MilestoneView.swift */ = {isa = PBXFileReference; lastKnownFileType = sourcecode.swift; path = MilestoneView.swift; sourceTree = "<group>"; };
		C449E8EA29ED7C1800F9409F /* Colors.xcassets */ = {isa = PBXFileReference; lastKnownFileType = folder.assetcatalog; path = Colors.xcassets; sourceTree = "<group>"; };
		C449E8EC29ED7D5600F9409F /* Color+App.swift */ = {isa = PBXFileReference; lastKnownFileType = sourcecode.swift; path = "Color+App.swift"; sourceTree = "<group>"; };
		C449E8F029ED7FF900F9409F /* SassoonSansStd.otf */ = {isa = PBXFileReference; lastKnownFileType = file; path = SassoonSansStd.otf; sourceTree = "<group>"; };
		C449E8F129ED7FF900F9409F /* SassoonSansStd-Bold.otf */ = {isa = PBXFileReference; lastKnownFileType = file; path = "SassoonSansStd-Bold.otf"; sourceTree = "<group>"; };
		C449E8F229ED7FFA00F9409F /* SassoonSansStd-Medium.otf */ = {isa = PBXFileReference; lastKnownFileType = file; path = "SassoonSansStd-Medium.otf"; sourceTree = "<group>"; };
		C449E8F529ED809000F9409F /* Fonts.swift */ = {isa = PBXFileReference; lastKnownFileType = sourcecode.swift; path = Fonts.swift; sourceTree = "<group>"; };
		C449E8FD29ED8A5600F9409F /* AudioPlayer.swift */ = {isa = PBXFileReference; lastKnownFileType = sourcecode.swift; path = AudioPlayer.swift; sourceTree = "<group>"; };
		C449E90129ED8AC600F9409F /* Prompt.swift */ = {isa = PBXFileReference; lastKnownFileType = sourcecode.swift; path = Prompt.swift; sourceTree = "<group>"; };
		C449E90329ED8AF500F9409F /* LottieView.swift */ = {isa = PBXFileReference; lastKnownFileType = sourcecode.swift; path = LottieView.swift; sourceTree = "<group>"; };
		C449E90F29ED8C8C00F9409F /* RaisedButtonStyle.swift */ = {isa = PBXFileReference; lastKnownFileType = sourcecode.swift; path = RaisedButtonStyle.swift; sourceTree = "<group>"; };
		C449E91329ED92B300F9409F /* MilestoneCardView.swift */ = {isa = PBXFileReference; lastKnownFileType = sourcecode.swift; path = MilestoneCardView.swift; sourceTree = "<group>"; };
		C449E91829ED983F00F9409F /* Lotties.swift */ = {isa = PBXFileReference; fileEncoding = 4; lastKnownFileType = sourcecode.swift; path = Lotties.swift; sourceTree = "<group>"; };
		C449E91A29EE23F200F9409F /* ProgressBarView.swift */ = {isa = PBXFileReference; lastKnownFileType = sourcecode.swift; path = ProgressBarView.swift; sourceTree = "<group>"; };
		C449E91D29EE2AFC00F9409F /* HintText.swift */ = {isa = PBXFileReference; lastKnownFileType = sourcecode.swift; path = HintText.swift; sourceTree = "<group>"; };
		C46F1D942A00B78800C34D62 /* SectionDetailSheet.swift */ = {isa = PBXFileReference; lastKnownFileType = sourcecode.swift; path = SectionDetailSheet.swift; sourceTree = "<group>"; };
		C46F1D962A00BAB500C34D62 /* SpeechBubble.swift */ = {isa = PBXFileReference; lastKnownFileType = sourcecode.swift; path = SpeechBubble.swift; sourceTree = "<group>"; };
		C46F1D982A00BD2200C34D62 /* SectionGuideline.swift */ = {isa = PBXFileReference; lastKnownFileType = sourcecode.swift; path = SectionGuideline.swift; sourceTree = "<group>"; };
		C46F1DA02A02027E00C34D62 /* AchievementAvatar.swift */ = {isa = PBXFileReference; lastKnownFileType = sourcecode.swift; path = AchievementAvatar.swift; sourceTree = "<group>"; };
		C46F1DA22A02039C00C34D62 /* AchievementRow.swift */ = {isa = PBXFileReference; lastKnownFileType = sourcecode.swift; path = AchievementRow.swift; sourceTree = "<group>"; };
		C46F1DA42A0203B900C34D62 /* Achievement.swift */ = {isa = PBXFileReference; lastKnownFileType = sourcecode.swift; path = Achievement.swift; sourceTree = "<group>"; };
		C46F1DA62A02054700C34D62 /* AchievementListView.swift */ = {isa = PBXFileReference; lastKnownFileType = sourcecode.swift; path = AchievementListView.swift; sourceTree = "<group>"; };
		C47F48A529FFF3650094BFA9 /* baby.json */ = {isa = PBXFileReference; fileEncoding = 4; lastKnownFileType = text.json; path = baby.json; sourceTree = "<group>"; };
		C47F48A72A0000800094BFA9 /* MilestoneViewModel.swift */ = {isa = PBXFileReference; lastKnownFileType = sourcecode.swift; path = MilestoneViewModel.swift; sourceTree = "<group>"; };
		C47F48A92A00503B0094BFA9 /* StageSectionView.swift */ = {isa = PBXFileReference; lastKnownFileType = sourcecode.swift; path = StageSectionView.swift; sourceTree = "<group>"; };
		C47F48AB2A0055C30094BFA9 /* StageViewModel.swift */ = {isa = PBXFileReference; lastKnownFileType = sourcecode.swift; path = StageViewModel.swift; sourceTree = "<group>"; };
		C4BAF52F29F6D2D70077DD6D /* ShimmerEffect.swift */ = {isa = PBXFileReference; lastKnownFileType = sourcecode.swift; path = ShimmerEffect.swift; sourceTree = "<group>"; };
		C4C30C1529F61B5B006EC836 /* StageDialog.swift */ = {isa = PBXFileReference; lastKnownFileType = sourcecode.swift; path = StageDialog.swift; sourceTree = "<group>"; };
		C4E7680B29FFE14B00F92A56 /* mamaSong.mp4 */ = {isa = PBXFileReference; lastKnownFileType = file; path = mamaSong.mp4; sourceTree = "<group>"; };
		C4E7680C29FFE18900F92A56 /* StageButton.swift */ = {isa = PBXFileReference; lastKnownFileType = sourcecode.swift; path = StageButton.swift; sourceTree = "<group>"; };
		C4E7681029FFE1FC00F92A56 /* Milestone.swift */ = {isa = PBXFileReference; lastKnownFileType = sourcecode.swift; path = Milestone.swift; sourceTree = "<group>"; };
		C4E7681229FFE22500F92A56 /* SnapCarouselView.swift */ = {isa = PBXFileReference; lastKnownFileType = sourcecode.swift; path = SnapCarouselView.swift; sourceTree = "<group>"; };
		C4E7681C29FFE3D800F92A56 /* VideoModalSheetView.swift */ = {isa = PBXFileReference; lastKnownFileType = sourcecode.swift; path = VideoModalSheetView.swift; sourceTree = "<group>"; };
		C4E7681F29FFE3FB00F92A56 /* PlayVideoButton.swift */ = {isa = PBXFileReference; lastKnownFileType = sourcecode.swift; path = PlayVideoButton.swift; sourceTree = "<group>"; };
		C4E7682429FFEF1E00F92A56 /* NiceSugar.otf */ = {isa = PBXFileReference; lastKnownFileType = file; path = NiceSugar.otf; sourceTree = "<group>"; };
		E1B6762E2A00E2BE009CC879 /* warna.json */ = {isa = PBXFileReference; fileEncoding = 4; lastKnownFileType = text.json; path = warna.json; sourceTree = "<group>"; };
		E1B6762F2A00E2BE009CC879 /* senyum.json */ = {isa = PBXFileReference; fileEncoding = 4; lastKnownFileType = text.json; path = senyum.json; sourceTree = "<group>"; };
		E1B676302A00E2BE009CC879 /* biru.json */ = {isa = PBXFileReference; fileEncoding = 4; lastKnownFileType = text.json; path = biru.json; sourceTree = "<group>"; };
		E1B676312A00E2BE009CC879 /* pisang.json */ = {isa = PBXFileReference; fileEncoding = 4; lastKnownFileType = text.json; path = pisang.json; sourceTree = "<group>"; };
		E1B676322A00E2BE009CC879 /* tunjuk.json */ = {isa = PBXFileReference; fileEncoding = 4; lastKnownFileType = text.json; path = tunjuk.json; sourceTree = "<group>"; };
		E1B676332A00E2BE009CC879 /* pisang 2.json */ = {isa = PBXFileReference; fileEncoding = 4; lastKnownFileType = text.json; path = "pisang 2.json"; sourceTree = "<group>"; };
		E1B676342A00E2BE009CC879 /* bye.json */ = {isa = PBXFileReference; fileEncoding = 4; lastKnownFileType = text.json; path = bye.json; sourceTree = "<group>"; };
		E1B676352A00E2BE009CC879 /* bye2.json */ = {isa = PBXFileReference; fileEncoding = 4; lastKnownFileType = text.json; path = bye2.json; sourceTree = "<group>"; };
		E1B676362A00E2BE009CC879 /* mobil.json */ = {isa = PBXFileReference; fileEncoding = 4; lastKnownFileType = text.json; path = mobil.json; sourceTree = "<group>"; };
		E1B676372A00E2BF009CC879 /* tos.json */ = {isa = PBXFileReference; fileEncoding = 4; lastKnownFileType = text.json; path = tos.json; sourceTree = "<group>"; };
		E1B676382A00E2BF009CC879 /* hijau.json */ = {isa = PBXFileReference; fileEncoding = 4; lastKnownFileType = text.json; path = hijau.json; sourceTree = "<group>"; };
		E1B676392A00E2BF009CC879 /* blow kiss.json */ = {isa = PBXFileReference; fileEncoding = 4; lastKnownFileType = text.json; path = "blow kiss.json"; sourceTree = "<group>"; };
		E1B6763A2A00E2BF009CC879 /* melon.json */ = {isa = PBXFileReference; fileEncoding = 4; lastKnownFileType = text.json; path = melon.json; sourceTree = "<group>"; };
		E1B6763B2A00E2BF009CC879 /* hiu.json */ = {isa = PBXFileReference; fileEncoding = 4; lastKnownFileType = text.json; path = hiu.json; sourceTree = "<group>"; };
		E1B6763C2A00E2BF009CC879 /* labu.json */ = {isa = PBXFileReference; fileEncoding = 4; lastKnownFileType = text.json; path = labu.json; sourceTree = "<group>"; };
		E1B6763D2A00E2BF009CC879 /* halo.json */ = {isa = PBXFileReference; fileEncoding = 4; lastKnownFileType = text.json; path = halo.json; sourceTree = "<group>"; };
		E1B6763E2A00E2BF009CC879 /* buku.json */ = {isa = PBXFileReference; fileEncoding = 4; lastKnownFileType = text.json; path = buku.json; sourceTree = "<group>"; };
		E1B6763F2A00E2BF009CC879 /* tepuk tangan.json */ = {isa = PBXFileReference; fileEncoding = 4; lastKnownFileType = text.json; path = "tepuk tangan.json"; sourceTree = "<group>"; };
		E1B676402A00E2BF009CC879 /* awan2.json */ = {isa = PBXFileReference; fileEncoding = 4; lastKnownFileType = text.json; path = awan2.json; sourceTree = "<group>"; };
		E1B676412A00E2BF009CC879 /* awan.json */ = {isa = PBXFileReference; fileEncoding = 4; lastKnownFileType = text.json; path = awan.json; sourceTree = "<group>"; };
		E1B676422A00E2BF009CC879 /* mama.json */ = {isa = PBXFileReference; fileEncoding = 4; lastKnownFileType = text.json; path = mama.json; sourceTree = "<group>"; };
		E1B676432A00E2BF009CC879 /* papa.json */ = {isa = PBXFileReference; fileEncoding = 4; lastKnownFileType = text.json; path = papa.json; sourceTree = "<group>"; };
		E1B676442A00E2BF009CC879 /* waktu.json */ = {isa = PBXFileReference; fileEncoding = 4; lastKnownFileType = text.json; path = waktu.json; sourceTree = "<group>"; };
		E1B676452A00E2BF009CC879 /* sapi2.json */ = {isa = PBXFileReference; fileEncoding = 4; lastKnownFileType = text.json; path = sapi2.json; sourceTree = "<group>"; };
		E1B676462A00E2BF009CC879 /* sapi.json */ = {isa = PBXFileReference; fileEncoding = 4; lastKnownFileType = text.json; path = sapi.json; sourceTree = "<group>"; };
		E1B676662A00E4D0009CC879 /* GameSceneView.swift */ = {isa = PBXFileReference; lastKnownFileType = sourcecode.swift; path = GameSceneView.swift; sourceTree = "<group>"; };
		E1B676682A00E554009CC879 /* Checkmark.swift */ = {isa = PBXFileReference; lastKnownFileType = sourcecode.swift; path = Checkmark.swift; sourceTree = "<group>"; };
		E1B6766C2A00E58A009CC879 /* ChatBubble.swift */ = {isa = PBXFileReference; lastKnownFileType = sourcecode.swift; path = ChatBubble.swift; sourceTree = "<group>"; };
		E1B6766E2A00E5C1009CC879 /* Audio and Video.swift */ = {isa = PBXFileReference; lastKnownFileType = sourcecode.swift; path = "Audio and Video.swift"; sourceTree = "<group>"; };
/* End PBXFileReference section */

/* Begin PBXFrameworksBuildPhase section */
		C449E8CA29ED729900F9409F /* Frameworks */ = {
			isa = PBXFrameworksBuildPhase;
			buildActionMask = 2147483647;
			files = (
				C46F1DAA2A021DAF00C34D62 /* Lottie in Frameworks */,
			);
			runOnlyForDeploymentPostprocessing = 0;
		};
/* End PBXFrameworksBuildPhase section */

/* Begin PBXGroup section */
		6149CA382A01BF380070D658 /* Speech */ = {
			isa = PBXGroup;
			children = (
				6149CA3D2A01C03F0070D658 /* SpeechToText */,
				6149CA392A01BF4C0070D658 /* TextToSpeech */,
			);
			path = Speech;
			sourceTree = "<group>";
		};
		6149CA392A01BF4C0070D658 /* TextToSpeech */ = {
			isa = PBXGroup;
			children = (
				6149CA3A2A01BFD90070D658 /* Presenters */,
			);
			path = TextToSpeech;
			sourceTree = "<group>";
		};
		6149CA3A2A01BFD90070D658 /* Presenters */ = {
			isa = PBXGroup;
			children = (
				6149CA3C2A01C0100070D658 /* Views */,
				6149CA3B2A01C0070070D658 /* Components */,
			);
			path = Presenters;
			sourceTree = "<group>";
		};
		6149CA3B2A01C0070070D658 /* Components */ = {
			isa = PBXGroup;
			children = (
			);
			path = Components;
			sourceTree = "<group>";
		};
		6149CA3C2A01C0100070D658 /* Views */ = {
			isa = PBXGroup;
			children = (
				6149CA3E2A01C08A0070D658 /* TextToSpeechView.swift */,
			);
			path = Views;
			sourceTree = "<group>";
		};
		6149CA3D2A01C03F0070D658 /* SpeechToText */ = {
			isa = PBXGroup;
			children = (
				6149CA472A01CA740070D658 /* Models */,
				6149CA402A01C3D90070D658 /* Presenters */,
			);
			path = SpeechToText;
			sourceTree = "<group>";
		};
		6149CA402A01C3D90070D658 /* Presenters */ = {
			isa = PBXGroup;
			children = (
				6149CA442A01C9B80070D658 /* Components */,
				6149CA412A01C3E20070D658 /* Views */,
			);
			path = Presenters;
			sourceTree = "<group>";
		};
		6149CA412A01C3E20070D658 /* Views */ = {
			isa = PBXGroup;
			children = (
				6149CA422A01C4320070D658 /* SpeechToTextView.swift */,
			);
			path = Views;
			sourceTree = "<group>";
		};
		6149CA442A01C9B80070D658 /* Components */ = {
			isa = PBXGroup;
			children = (
				6149CA4A2A01D2E40070D658 /* SpeakButtonView.swift */,
			);
			path = Components;
			sourceTree = "<group>";
		};
		6149CA472A01CA740070D658 /* Models */ = {
			isa = PBXGroup;
			children = (
				6149CA482A01CA820070D658 /* SpeechRecognizer.swift */,
			);
			path = Models;
			sourceTree = "<group>";
		};
		6149CA4C2A01E2AF0070D658 /* Photo */ = {
			isa = PBXGroup;
			children = (
				6149CA5C2A01FD010070D658 /* Views */,
				6149CA572A01ED420070D658 /* Components */,
			);
			path = Photo;
			sourceTree = "<group>";
		};
		6149CA4D2A01E4A50070D658 /* DataModel */ = {
			isa = PBXGroup;
			children = (
				6149CA512A01E5140070D658 /* CompletedStageController.swift */,
				6149CA532A01E7FE0070D658 /* CompletedStageModel.xcdatamodeld */,
			);
			path = DataModel;
			sourceTree = "<group>";
		};
		6149CA572A01ED420070D658 /* Components */ = {
			isa = PBXGroup;
			children = (
				6149CA612A0210010070D658 /* CircleView.swift */,
			);
			path = Components;
			sourceTree = "<group>";
		};
		6149CA5C2A01FD010070D658 /* Views */ = {
			isa = PBXGroup;
			children = (
				6149CA5D2A01FD2E0070D658 /* PhotoView.swift */,
				6149CA5F2A01FD730070D658 /* SUImagePickerView.swift */,
			);
			path = Views;
			sourceTree = "<group>";
		};
		6AAB7FA52A01465E00980A39 /* InputPage */ = {
			isa = PBXGroup;
			children = (
				6AAB7FA62A01467400980A39 /* Presenters */,
			);
			path = InputPage;
			sourceTree = "<group>";
		};
		6AAB7FA62A01467400980A39 /* Presenters */ = {
			isa = PBXGroup;
			children = (
				6AAB7FA82A01468400980A39 /* Views */,
				6AAB7FA72A01467E00980A39 /* Components */,
			);
			path = Presenters;
			sourceTree = "<group>";
		};
		6AAB7FA72A01467E00980A39 /* Components */ = {
			isa = PBXGroup;
			children = (
				6AAB7FAB2A01548000980A39 /* InputProfilePic.swift */,
			);
			path = Components;
			sourceTree = "<group>";
		};
		6AAB7FA82A01468400980A39 /* Views */ = {
			isa = PBXGroup;
			children = (
				6AAB7FA92A01474900980A39 /* InputPageView.swift */,
				6AAB7FAD2A01589900980A39 /* ImagePickerView.swift */,
			);
			path = Views;
			sourceTree = "<group>";
		};
		C40589CE29F76B3500E76068 /* Models */ = {
			isa = PBXGroup;
			children = (
				C40589D129F76B5500E76068 /* Stage.swift */,
				C46F1D982A00BD2200C34D62 /* SectionGuideline.swift */,
			);
			path = Models;
			sourceTree = "<group>";
		};
		C40589CF29F76B3C00E76068 /* ViewModels */ = {
			isa = PBXGroup;
			children = (
				C47F48AB2A0055C30094BFA9 /* StageViewModel.swift */,
			);
			path = ViewModels;
			sourceTree = "<group>";
		};
		C40589DC29F779E300E76068 /* Views */ = {
			isa = PBXGroup;
			children = (
				C40589CC29F7683700E76068 /* JourneyView.swift */,
				C47F48A92A00503B0094BFA9 /* StageSectionView.swift */,
				C46F1D942A00B78800C34D62 /* SectionDetailSheet.swift */,
			);
			path = Views;
			sourceTree = "<group>";
		};
		C420A64229F6246E00C028D8 /* Journey */ = {
			isa = PBXGroup;
			children = (
				C40589CF29F76B3C00E76068 /* ViewModels */,
				C40589CE29F76B3500E76068 /* Models */,
				C420A64329F6247A00C028D8 /* Presenters */,
			);
			path = Journey;
			sourceTree = "<group>";
		};
		C420A64329F6247A00C028D8 /* Presenters */ = {
			isa = PBXGroup;
			children = (
				C420A64429F6248400C028D8 /* Components */,
				C40589DC29F779E300E76068 /* Views */,
			);
			path = Presenters;
			sourceTree = "<group>";
		};
		C420A64429F6248400C028D8 /* Components */ = {
			isa = PBXGroup;
			children = (
				C4C30C1529F61B5B006EC836 /* StageDialog.swift */,
				C40589DD29F77CE600E76068 /* StageCircle.swift */,
				C4E7680C29FFE18900F92A56 /* StageButton.swift */,
			);
			path = Components;
			sourceTree = "<group>";
		};
		C449E8C429ED729900F9409F = {
			isa = PBXGroup;
			children = (
				C449E8CF29ED729900F9409F /* ToddTalks */,
				C449E8CE29ED729900F9409F /* Products */,
				C46F1DA82A021DAF00C34D62 /* Frameworks */,
			);
			sourceTree = "<group>";
		};
		C449E8CE29ED729900F9409F /* Products */ = {
			isa = PBXGroup;
			children = (
				C449E8CD29ED729900F9409F /* ToddTalks.app */,
			);
			name = Products;
			sourceTree = "<group>";
		};
		C449E8CF29ED729900F9409F /* ToddTalks */ = {
			isa = PBXGroup;
			children = (
				C449E8E729ED7BF100F9409F /* Core */,
				C449E90829ED8B8500F9409F /* Features */,
				C449E8D929ED729A00F9409F /* Persistence.swift */,
				C449E8D029ED729900F9409F /* ToddTalksApp.swift */,
				6149CA4D2A01E4A50070D658 /* DataModel */,
				C449E8DE29ED729A00F9409F /* Info.plist */,
				C449E8DB29ED729A00F9409F /* ToddTalks.xcdatamodeld */,
				C449E8D629ED729A00F9409F /* Preview Content */,
			);
			path = ToddTalks;
			sourceTree = "<group>";
		};
		C449E8D629ED729A00F9409F /* Preview Content */ = {
			isa = PBXGroup;
			children = (
				C449E8D729ED729A00F9409F /* Preview Assets.xcassets */,
			);
			path = "Preview Content";
			sourceTree = "<group>";
		};
		C449E8E429ED72AC00F9409F /* Resources */ = {
			isa = PBXGroup;
			children = (
				C449E8EE29ED7F4A00F9409F /* Fonts */,
				C4E7680A29FFE13B00F92A56 /* Videos */,
				C449E91529ED982E00F9409F /* Lotties */,
				C449E8D429ED729A00F9409F /* Assets.xcassets */,
			);
			path = Resources;
			sourceTree = "<group>";
		};
		C449E8E729ED7BF100F9409F /* Core */ = {
			isa = PBXGroup;
			children = (
				C449E8E429ED72AC00F9409F /* Resources */,
				C449E90029ED8A8B00F9409F /* Constants */,
				C449E8FF29ED8A7D00F9409F /* Extension */,
				C449E8FC29ED8A4100F9409F /* Utilites */,
				C449E8E829ED7BF900F9409F /* Themes */,
			);
			path = Core;
			sourceTree = "<group>";
		};
		C449E8E829ED7BF900F9409F /* Themes */ = {
			isa = PBXGroup;
			children = (
				C449E91C29EE273600F9409F /* Components */,
				C449E8FB29ED8A2900F9409F /* Modifiers */,
				C449E8E929ED7C0100F9409F /* Colors */,
			);
			path = Themes;
			sourceTree = "<group>";
		};
		C449E8E929ED7C0100F9409F /* Colors */ = {
			isa = PBXGroup;
			children = (
				C449E8EA29ED7C1800F9409F /* Colors.xcassets */,
				C449E8EC29ED7D5600F9409F /* Color+App.swift */,
			);
			path = Colors;
			sourceTree = "<group>";
		};
		C449E8EE29ED7F4A00F9409F /* Fonts */ = {
			isa = PBXGroup;
			children = (
				C449E8F329ED800000F9409F /* NiceSugar */,
				C449E8EF29ED7FC800F9409F /* Sassoon */,
				C449E8F529ED809000F9409F /* Fonts.swift */,
			);
			path = Fonts;
			sourceTree = "<group>";
		};
		C449E8EF29ED7FC800F9409F /* Sassoon */ = {
			isa = PBXGroup;
			children = (
				C449E8F129ED7FF900F9409F /* SassoonSansStd-Bold.otf */,
				C449E8F229ED7FFA00F9409F /* SassoonSansStd-Medium.otf */,
				C449E8F029ED7FF900F9409F /* SassoonSansStd.otf */,
			);
			path = Sassoon;
			sourceTree = "<group>";
		};
		C449E8F329ED800000F9409F /* NiceSugar */ = {
			isa = PBXGroup;
			children = (
				C4E7682429FFEF1E00F92A56 /* NiceSugar.otf */,
			);
			path = NiceSugar;
			sourceTree = "<group>";
		};
		C449E8FB29ED8A2900F9409F /* Modifiers */ = {
			isa = PBXGroup;
			children = (
				C449E90F29ED8C8C00F9409F /* RaisedButtonStyle.swift */,
				C4BAF52F29F6D2D70077DD6D /* ShimmerEffect.swift */,
			);
			path = Modifiers;
			sourceTree = "<group>";
		};
		C449E8FC29ED8A4100F9409F /* Utilites */ = {
			isa = PBXGroup;
			children = (
				C449E8FD29ED8A5600F9409F /* AudioPlayer.swift */,
				C449E90329ED8AF500F9409F /* LottieView.swift */,
			);
			path = Utilites;
			sourceTree = "<group>";
		};
		C449E8FF29ED8A7D00F9409F /* Extension */ = {
			isa = PBXGroup;
			children = (
			);
			path = Extension;
			sourceTree = "<group>";
		};
		C449E90029ED8A8B00F9409F /* Constants */ = {
			isa = PBXGroup;
			children = (
				C449E90129ED8AC600F9409F /* Prompt.swift */,
			);
			path = Constants;
			sourceTree = "<group>";
		};
		C449E90829ED8B8500F9409F /* Features */ = {
			isa = PBXGroup;
			children = (
				E1B676602A00E470009CC879 /* GameScene */,
				C46F1D9A2A0200C400C34D62 /* Achievement */,
				6149CA4C2A01E2AF0070D658 /* Photo */,
				6149CA382A01BF380070D658 /* Speech */,
				6AAB7FA52A01465E00980A39 /* InputPage */,
				C4E7681929FFE3A000F92A56 /* VideoSheetPlayer */,
				C420A64229F6246E00C028D8 /* Journey */,
				C449E90929ED8B8B00F9409F /* Milestone */,
			);
			path = Features;
			sourceTree = "<group>";
		};
		C449E90929ED8B8B00F9409F /* Milestone */ = {
			isa = PBXGroup;
			children = (
				C449E90B29ED8BA500F9409F /* Presenters */,
				C449E90A29ED8B9E00F9409F /* Models */,
				C449E90C29ED8BB700F9409F /* ViewModels */,
			);
			path = Milestone;
			sourceTree = "<group>";
		};
		C449E90A29ED8B9E00F9409F /* Models */ = {
			isa = PBXGroup;
			children = (
				C4E7681029FFE1FC00F92A56 /* Milestone.swift */,
			);
			path = Models;
			sourceTree = "<group>";
		};
		C449E90B29ED8BA500F9409F /* Presenters */ = {
			isa = PBXGroup;
			children = (
				C449E90E29ED8BCA00F9409F /* Components */,
				C449E90D29ED8BBE00F9409F /* Views */,
			);
			path = Presenters;
			sourceTree = "<group>";
		};
		C449E90C29ED8BB700F9409F /* ViewModels */ = {
			isa = PBXGroup;
			children = (
				C47F48A72A0000800094BFA9 /* MilestoneViewModel.swift */,
			);
			path = ViewModels;
			sourceTree = "<group>";
		};
		C449E90D29ED8BBE00F9409F /* Views */ = {
			isa = PBXGroup;
			children = (
				C449E8E529ED730600F9409F /* MilestoneView.swift */,
				C4E7681229FFE22500F92A56 /* SnapCarouselView.swift */,
			);
			path = Views;
			sourceTree = "<group>";
		};
		C449E90E29ED8BCA00F9409F /* Components */ = {
			isa = PBXGroup;
			children = (
				C449E91329ED92B300F9409F /* MilestoneCardView.swift */,
			);
			path = Components;
			sourceTree = "<group>";
		};
		C449E91529ED982E00F9409F /* Lotties */ = {
			isa = PBXGroup;
			children = (
				C47F48A529FFF3650094BFA9 /* baby.json */,
				E1B676412A00E2BF009CC879 /* awan.json */,
				E1B676402A00E2BF009CC879 /* awan2.json */,
				E1B676302A00E2BE009CC879 /* biru.json */,
				E1B676392A00E2BF009CC879 /* blow kiss.json */,
				E1B6763E2A00E2BF009CC879 /* buku.json */,
				E1B676342A00E2BE009CC879 /* bye.json */,
				E1B676352A00E2BE009CC879 /* bye2.json */,
				E1B6763D2A00E2BF009CC879 /* halo.json */,
				E1B676382A00E2BF009CC879 /* hijau.json */,
				E1B6763B2A00E2BF009CC879 /* hiu.json */,
				E1B6763C2A00E2BF009CC879 /* labu.json */,
				E1B676422A00E2BF009CC879 /* mama.json */,
				E1B6763A2A00E2BF009CC879 /* melon.json */,
				E1B676362A00E2BE009CC879 /* mobil.json */,
				E1B676432A00E2BF009CC879 /* papa.json */,
				E1B676332A00E2BE009CC879 /* pisang 2.json */,
				E1B676312A00E2BE009CC879 /* pisang.json */,
				E1B676462A00E2BF009CC879 /* sapi.json */,
				E1B676452A00E2BF009CC879 /* sapi2.json */,
				E1B6762F2A00E2BE009CC879 /* senyum.json */,
				E1B6763F2A00E2BF009CC879 /* tepuk tangan.json */,
				E1B676372A00E2BF009CC879 /* tos.json */,
				E1B676322A00E2BE009CC879 /* tunjuk.json */,
				E1B676442A00E2BF009CC879 /* waktu.json */,
				E1B6762E2A00E2BE009CC879 /* warna.json */,
				C449E91829ED983F00F9409F /* Lotties.swift */,
			);
			path = Lotties;
			sourceTree = "<group>";
		};
		C449E91C29EE273600F9409F /* Components */ = {
			isa = PBXGroup;
			children = (
				C449E91A29EE23F200F9409F /* ProgressBarView.swift */,
				C449E91D29EE2AFC00F9409F /* HintText.swift */,
				C420A64529F630D800C028D8 /* HintCarousel.swift */,
				C420A64729F658E100C028D8 /* IndicatorView.swift */,
				C46F1D962A00BAB500C34D62 /* SpeechBubble.swift */,
			);
			path = Components;
			sourceTree = "<group>";
		};
		C46F1D9A2A0200C400C34D62 /* Achievement */ = {
			isa = PBXGroup;
			children = (
				C46F1D9D2A02016400C34D62 /* Presenters */,
				C46F1D9C2A02015D00C34D62 /* Models */,
				C46F1D9B2A02015400C34D62 /* ViewModels */,
			);
			path = Achievement;
			sourceTree = "<group>";
		};
		C46F1D9B2A02015400C34D62 /* ViewModels */ = {
			isa = PBXGroup;
			children = (
			);
			path = ViewModels;
			sourceTree = "<group>";
		};
		C46F1D9C2A02015D00C34D62 /* Models */ = {
			isa = PBXGroup;
			children = (
				C46F1DA42A0203B900C34D62 /* Achievement.swift */,
			);
			path = Models;
			sourceTree = "<group>";
		};
		C46F1D9D2A02016400C34D62 /* Presenters */ = {
			isa = PBXGroup;
			children = (
				C46F1D9F2A02017300C34D62 /* Views */,
				C46F1D9E2A02016B00C34D62 /* Components */,
			);
			path = Presenters;
			sourceTree = "<group>";
		};
		C46F1D9E2A02016B00C34D62 /* Components */ = {
			isa = PBXGroup;
			children = (
				C46F1DA02A02027E00C34D62 /* AchievementAvatar.swift */,
				C46F1DA22A02039C00C34D62 /* AchievementRow.swift */,
			);
			path = Components;
			sourceTree = "<group>";
		};
		C46F1D9F2A02017300C34D62 /* Views */ = {
			isa = PBXGroup;
			children = (
				C46F1DA62A02054700C34D62 /* AchievementListView.swift */,
			);
			path = Views;
			sourceTree = "<group>";
		};
		C46F1DA82A021DAF00C34D62 /* Frameworks */ = {
			isa = PBXGroup;
			children = (
			);
			name = Frameworks;
			sourceTree = "<group>";
		};
		C4E7680A29FFE13B00F92A56 /* Videos */ = {
			isa = PBXGroup;
			children = (
				C4E7680B29FFE14B00F92A56 /* mamaSong.mp4 */,
			);
			path = Videos;
			sourceTree = "<group>";
		};
		C4E7681929FFE3A000F92A56 /* VideoSheetPlayer */ = {
			isa = PBXGroup;
			children = (
				C4E7681A29FFE3B800F92A56 /* Presenters */,
			);
			path = VideoSheetPlayer;
			sourceTree = "<group>";
		};
		C4E7681A29FFE3B800F92A56 /* Presenters */ = {
			isa = PBXGroup;
			children = (
				C4E7681E29FFE3F000F92A56 /* Components */,
				C4E7681B29FFE3BF00F92A56 /* Views */,
			);
			path = Presenters;
			sourceTree = "<group>";
		};
		C4E7681B29FFE3BF00F92A56 /* Views */ = {
			isa = PBXGroup;
			children = (
				C4E7681C29FFE3D800F92A56 /* VideoModalSheetView.swift */,
			);
			path = Views;
			sourceTree = "<group>";
		};
		C4E7681E29FFE3F000F92A56 /* Components */ = {
			isa = PBXGroup;
			children = (
				C4E7681F29FFE3FB00F92A56 /* PlayVideoButton.swift */,
			);
			path = Components;
			sourceTree = "<group>";
		};
		E1B676602A00E470009CC879 /* GameScene */ = {
			isa = PBXGroup;
			children = (
				E1B676612A00E482009CC879 /* ViewModels */,
				E1B676622A00E497009CC879 /* Models */,
				E1B676632A00E49C009CC879 /* Presenters */,
			);
			path = GameScene;
			sourceTree = "<group>";
		};
		E1B676612A00E482009CC879 /* ViewModels */ = {
			isa = PBXGroup;
			children = (
			);
			path = ViewModels;
			sourceTree = "<group>";
		};
		E1B676622A00E497009CC879 /* Models */ = {
			isa = PBXGroup;
			children = (
			);
			path = Models;
			sourceTree = "<group>";
		};
		E1B676632A00E49C009CC879 /* Presenters */ = {
			isa = PBXGroup;
			children = (
				E1B676642A00E4BE009CC879 /* Component */,
				E1B676652A00E4C4009CC879 /* View */,
			);
			path = Presenters;
			sourceTree = "<group>";
		};
		E1B676642A00E4BE009CC879 /* Component */ = {
			isa = PBXGroup;
			children = (
				E1B676682A00E554009CC879 /* Checkmark.swift */,
				E1B6766C2A00E58A009CC879 /* ChatBubble.swift */,
				E1B6766E2A00E5C1009CC879 /* Audio and Video.swift */,
			);
			path = Component;
			sourceTree = "<group>";
		};
		E1B676652A00E4C4009CC879 /* View */ = {
			isa = PBXGroup;
			children = (
				E1B676662A00E4D0009CC879 /* GameSceneView.swift */,
			);
			path = View;
			sourceTree = "<group>";
		};
/* End PBXGroup section */

/* Begin PBXNativeTarget section */
		C449E8CC29ED729900F9409F /* ToddTalks */ = {
			isa = PBXNativeTarget;
			buildConfigurationList = C449E8E129ED729A00F9409F /* Build configuration list for PBXNativeTarget "ToddTalks" */;
			buildPhases = (
				C449E8C929ED729900F9409F /* Sources */,
				C449E8CA29ED729900F9409F /* Frameworks */,
				C449E8CB29ED729900F9409F /* Resources */,
			);
			buildRules = (
			);
			dependencies = (
			);
			name = ToddTalks;
			packageProductDependencies = (
				C46F1DA92A021DAF00C34D62 /* Lottie */,
			);
			productName = ToddTalks;
			productReference = C449E8CD29ED729900F9409F /* ToddTalks.app */;
			productType = "com.apple.product-type.application";
		};
/* End PBXNativeTarget section */

/* Begin PBXProject section */
		C449E8C529ED729900F9409F /* Project object */ = {
			isa = PBXProject;
			attributes = {
				BuildIndependentTargetsInParallel = 1;
				LastSwiftUpdateCheck = 1420;
				LastUpgradeCheck = 1420;
				TargetAttributes = {
					C449E8CC29ED729900F9409F = {
						CreatedOnToolsVersion = 14.2;
					};
				};
			};
			buildConfigurationList = C449E8C829ED729900F9409F /* Build configuration list for PBXProject "ToddTalks" */;
			compatibilityVersion = "Xcode 14.0";
			developmentRegion = en;
			hasScannedForEncodings = 0;
			knownRegions = (
				en,
				Base,
			);
			mainGroup = C449E8C429ED729900F9409F;
			packageReferences = (
				C449E90529ED8B4B00F9409F /* XCRemoteSwiftPackageReference "lottie-spm" */,
			);
			productRefGroup = C449E8CE29ED729900F9409F /* Products */;
			projectDirPath = "";
			projectRoot = "";
			targets = (
				C449E8CC29ED729900F9409F /* ToddTalks */,
			);
		};
/* End PBXProject section */

/* Begin PBXResourcesBuildPhase section */
		C449E8CB29ED729900F9409F /* Resources */ = {
			isa = PBXResourcesBuildPhase;
			buildActionMask = 2147483647;
			files = (
				C47F48A629FFF3650094BFA9 /* baby.json in Resources */,
				E1B676532A00E2BF009CC879 /* melon.json in Resources */,
				E1B676552A00E2BF009CC879 /* labu.json in Resources */,
				E1B676512A00E2BF009CC879 /* hijau.json in Resources */,
				E1B6764B2A00E2BF009CC879 /* tunjuk.json in Resources */,
				E1B6765C2A00E2BF009CC879 /* papa.json in Resources */,
				E1B676562A00E2BF009CC879 /* halo.json in Resources */,
				E1B676502A00E2BF009CC879 /* tos.json in Resources */,
				E1B676582A00E2BF009CC879 /* tepuk tangan.json in Resources */,
				E1B6764F2A00E2BF009CC879 /* mobil.json in Resources */,
				E1B6764A2A00E2BF009CC879 /* pisang.json in Resources */,
				E1B6764E2A00E2BF009CC879 /* bye2.json in Resources */,
				E1B676472A00E2BF009CC879 /* warna.json in Resources */,
				E1B676522A00E2BF009CC879 /* blow kiss.json in Resources */,
				E1B6765F2A00E2BF009CC879 /* sapi.json in Resources */,
				C449E8F829ED88BB00F9409F /* SassoonSansStd-Medium.otf in Resources */,
				C449E8F929ED88C300F9409F /* SassoonSansStd.otf in Resources */,
				C449E8EB29ED7C1800F9409F /* Colors.xcassets in Resources */,
				E1B6765E2A00E2BF009CC879 /* sapi2.json in Resources */,
				E1B6765D2A00E2BF009CC879 /* waktu.json in Resources */,
				E1B6765A2A00E2BF009CC879 /* awan.json in Resources */,
				C449E8D829ED729A00F9409F /* Preview Assets.xcassets in Resources */,
				E1B676542A00E2BF009CC879 /* hiu.json in Resources */,
				E1B6764D2A00E2BF009CC879 /* bye.json in Resources */,
				E1B6765B2A00E2BF009CC879 /* mama.json in Resources */,
				C449E8F729ED88B900F9409F /* SassoonSansStd-Bold.otf in Resources */,
				E1B676592A00E2BF009CC879 /* awan2.json in Resources */,
				E1B676572A00E2BF009CC879 /* buku.json in Resources */,
				E1B6764C2A00E2BF009CC879 /* pisang 2.json in Resources */,
				C4E7682529FFEF1E00F92A56 /* NiceSugar.otf in Resources */,
				E1B676492A00E2BF009CC879 /* biru.json in Resources */,
				E1B676482A00E2BF009CC879 /* senyum.json in Resources */,
				C449E8D529ED729A00F9409F /* Assets.xcassets in Resources */,
			);
			runOnlyForDeploymentPostprocessing = 0;
		};
/* End PBXResourcesBuildPhase section */

/* Begin PBXSourcesBuildPhase section */
		C449E8C929ED729900F9409F /* Sources */ = {
			isa = PBXSourcesBuildPhase;
			buildActionMask = 2147483647;
			files = (
				C449E91929ED983F00F9409F /* Lotties.swift in Sources */,
				C449E8DD29ED729A00F9409F /* ToddTalks.xcdatamodeld in Sources */,
				6AAB7FAA2A01474900980A39 /* InputPageView.swift in Sources */,
				C47F48A82A0000800094BFA9 /* MilestoneViewModel.swift in Sources */,
				6149CA562A01E7FE0070D658 /* CompletedStageModel.xcdatamodeld in Sources */,
				6AAB7FAE2A01589900980A39 /* ImagePickerView.swift in Sources */,
				C449E90229ED8AC600F9409F /* Prompt.swift in Sources */,
				C449E90429ED8AF500F9409F /* LottieView.swift in Sources */,
				C46F1D972A00BAB500C34D62 /* SpeechBubble.swift in Sources */,
				E1B6766D2A00E58A009CC879 /* ChatBubble.swift in Sources */,
				C40589DE29F77CE600E76068 /* StageCircle.swift in Sources */,
				C449E8ED29ED7D5600F9409F /* Color+App.swift in Sources */,
				C46F1DA12A02027E00C34D62 /* AchievementAvatar.swift in Sources */,
				C46F1DA52A0203B900C34D62 /* Achievement.swift in Sources */,
				C4E7682029FFE3FB00F92A56 /* PlayVideoButton.swift in Sources */,
				C46F1D952A00B78800C34D62 /* SectionDetailSheet.swift in Sources */,
				C449E8E629ED730600F9409F /* MilestoneView.swift in Sources */,
				C449E8DA29ED729A00F9409F /* Persistence.swift in Sources */,
				C4E7681129FFE1FC00F92A56 /* Milestone.swift in Sources */,
				C47F48AA2A00503B0094BFA9 /* StageSectionView.swift in Sources */,
				6149CA3F2A01C08A0070D658 /* TextToSpeechView.swift in Sources */,
				6149CA522A01E5140070D658 /* CompletedStageController.swift in Sources */,
				C449E8F629ED809000F9409F /* Fonts.swift in Sources */,
				C449E91429ED92B300F9409F /* MilestoneCardView.swift in Sources */,
				C4C30C1629F61B5B006EC836 /* StageDialog.swift in Sources */,
				C449E91029ED8C8C00F9409F /* RaisedButtonStyle.swift in Sources */,
				C420A64829F658E100C028D8 /* IndicatorView.swift in Sources */,
				6149CA492A01CA820070D658 /* SpeechRecognizer.swift in Sources */,
				6149CA5E2A01FD2E0070D658 /* PhotoView.swift in Sources */,
				C449E8D129ED729900F9409F /* ToddTalksApp.swift in Sources */,
				C449E8FE29ED8A5600F9409F /* AudioPlayer.swift in Sources */,
				6149CA622A0210010070D658 /* CircleView.swift in Sources */,
				C40589D229F76B5500E76068 /* Stage.swift in Sources */,
				C47F48AC2A0055C30094BFA9 /* StageViewModel.swift in Sources */,
				E1B676692A00E554009CC879 /* Checkmark.swift in Sources */,
				6149CA602A01FD730070D658 /* SUImagePickerView.swift in Sources */,
				C449E91E29EE2AFC00F9409F /* HintText.swift in Sources */,
				C40589CD29F7683700E76068 /* JourneyView.swift in Sources */,
				C46F1DA32A02039C00C34D62 /* AchievementRow.swift in Sources */,
				C4BAF53029F6D2D70077DD6D /* ShimmerEffect.swift in Sources */,
				E1B6766F2A00E5C1009CC879 /* Audio and Video.swift in Sources */,
				6149CA432A01C4320070D658 /* SpeechToTextView.swift in Sources */,
				C4E7681D29FFE3D800F92A56 /* VideoModalSheetView.swift in Sources */,
				C420A64629F630D800C028D8 /* HintCarousel.swift in Sources */,
				E1B676672A00E4D0009CC879 /* GameSceneView.swift in Sources */,
				6AAB7FAC2A01548000980A39 /* InputProfilePic.swift in Sources */,
				C46F1D992A00BD2200C34D62 /* SectionGuideline.swift in Sources */,
				C4E7680D29FFE18900F92A56 /* StageButton.swift in Sources */,
				C46F1DA72A02054700C34D62 /* AchievementListView.swift in Sources */,
				C449E91B29EE23F200F9409F /* ProgressBarView.swift in Sources */,
				6149CA4B2A01D2E40070D658 /* SpeakButtonView.swift in Sources */,
				C4E7681329FFE22500F92A56 /* SnapCarouselView.swift in Sources */,
			);
			runOnlyForDeploymentPostprocessing = 0;
		};
/* End PBXSourcesBuildPhase section */

/* Begin XCBuildConfiguration section */
		C449E8DF29ED729A00F9409F /* Debug */ = {
			isa = XCBuildConfiguration;
			buildSettings = {
				ALWAYS_SEARCH_USER_PATHS = NO;
				CLANG_ANALYZER_NONNULL = YES;
				CLANG_ANALYZER_NUMBER_OBJECT_CONVERSION = YES_AGGRESSIVE;
				CLANG_CXX_LANGUAGE_STANDARD = "gnu++20";
				CLANG_ENABLE_MODULES = YES;
				CLANG_ENABLE_OBJC_ARC = YES;
				CLANG_ENABLE_OBJC_WEAK = YES;
				CLANG_WARN_BLOCK_CAPTURE_AUTORELEASING = YES;
				CLANG_WARN_BOOL_CONVERSION = YES;
				CLANG_WARN_COMMA = YES;
				CLANG_WARN_CONSTANT_CONVERSION = YES;
				CLANG_WARN_DEPRECATED_OBJC_IMPLEMENTATIONS = YES;
				CLANG_WARN_DIRECT_OBJC_ISA_USAGE = YES_ERROR;
				CLANG_WARN_DOCUMENTATION_COMMENTS = YES;
				CLANG_WARN_EMPTY_BODY = YES;
				CLANG_WARN_ENUM_CONVERSION = YES;
				CLANG_WARN_INFINITE_RECURSION = YES;
				CLANG_WARN_INT_CONVERSION = YES;
				CLANG_WARN_NON_LITERAL_NULL_CONVERSION = YES;
				CLANG_WARN_OBJC_IMPLICIT_RETAIN_SELF = YES;
				CLANG_WARN_OBJC_LITERAL_CONVERSION = YES;
				CLANG_WARN_OBJC_ROOT_CLASS = YES_ERROR;
				CLANG_WARN_QUOTED_INCLUDE_IN_FRAMEWORK_HEADER = YES;
				CLANG_WARN_RANGE_LOOP_ANALYSIS = YES;
				CLANG_WARN_STRICT_PROTOTYPES = YES;
				CLANG_WARN_SUSPICIOUS_MOVE = YES;
				CLANG_WARN_UNGUARDED_AVAILABILITY = YES_AGGRESSIVE;
				CLANG_WARN_UNREACHABLE_CODE = YES;
				CLANG_WARN__DUPLICATE_METHOD_MATCH = YES;
				COPY_PHASE_STRIP = NO;
				DEBUG_INFORMATION_FORMAT = dwarf;
				ENABLE_STRICT_OBJC_MSGSEND = YES;
				ENABLE_TESTABILITY = YES;
				GCC_C_LANGUAGE_STANDARD = gnu11;
				GCC_DYNAMIC_NO_PIC = NO;
				GCC_NO_COMMON_BLOCKS = YES;
				GCC_OPTIMIZATION_LEVEL = 0;
				GCC_PREPROCESSOR_DEFINITIONS = (
					"DEBUG=1",
					"$(inherited)",
				);
				GCC_WARN_64_TO_32_BIT_CONVERSION = YES;
				GCC_WARN_ABOUT_RETURN_TYPE = YES_ERROR;
				GCC_WARN_UNDECLARED_SELECTOR = YES;
				GCC_WARN_UNINITIALIZED_AUTOS = YES_AGGRESSIVE;
				GCC_WARN_UNUSED_FUNCTION = YES;
				GCC_WARN_UNUSED_VARIABLE = YES;
				IPHONEOS_DEPLOYMENT_TARGET = 16.2;
				MTL_ENABLE_DEBUG_INFO = INCLUDE_SOURCE;
				MTL_FAST_MATH = YES;
				ONLY_ACTIVE_ARCH = YES;
				SDKROOT = iphoneos;
				SWIFT_ACTIVE_COMPILATION_CONDITIONS = DEBUG;
				SWIFT_OPTIMIZATION_LEVEL = "-Onone";
			};
			name = Debug;
		};
		C449E8E029ED729A00F9409F /* Release */ = {
			isa = XCBuildConfiguration;
			buildSettings = {
				ALWAYS_SEARCH_USER_PATHS = NO;
				CLANG_ANALYZER_NONNULL = YES;
				CLANG_ANALYZER_NUMBER_OBJECT_CONVERSION = YES_AGGRESSIVE;
				CLANG_CXX_LANGUAGE_STANDARD = "gnu++20";
				CLANG_ENABLE_MODULES = YES;
				CLANG_ENABLE_OBJC_ARC = YES;
				CLANG_ENABLE_OBJC_WEAK = YES;
				CLANG_WARN_BLOCK_CAPTURE_AUTORELEASING = YES;
				CLANG_WARN_BOOL_CONVERSION = YES;
				CLANG_WARN_COMMA = YES;
				CLANG_WARN_CONSTANT_CONVERSION = YES;
				CLANG_WARN_DEPRECATED_OBJC_IMPLEMENTATIONS = YES;
				CLANG_WARN_DIRECT_OBJC_ISA_USAGE = YES_ERROR;
				CLANG_WARN_DOCUMENTATION_COMMENTS = YES;
				CLANG_WARN_EMPTY_BODY = YES;
				CLANG_WARN_ENUM_CONVERSION = YES;
				CLANG_WARN_INFINITE_RECURSION = YES;
				CLANG_WARN_INT_CONVERSION = YES;
				CLANG_WARN_NON_LITERAL_NULL_CONVERSION = YES;
				CLANG_WARN_OBJC_IMPLICIT_RETAIN_SELF = YES;
				CLANG_WARN_OBJC_LITERAL_CONVERSION = YES;
				CLANG_WARN_OBJC_ROOT_CLASS = YES_ERROR;
				CLANG_WARN_QUOTED_INCLUDE_IN_FRAMEWORK_HEADER = YES;
				CLANG_WARN_RANGE_LOOP_ANALYSIS = YES;
				CLANG_WARN_STRICT_PROTOTYPES = YES;
				CLANG_WARN_SUSPICIOUS_MOVE = YES;
				CLANG_WARN_UNGUARDED_AVAILABILITY = YES_AGGRESSIVE;
				CLANG_WARN_UNREACHABLE_CODE = YES;
				CLANG_WARN__DUPLICATE_METHOD_MATCH = YES;
				COPY_PHASE_STRIP = NO;
				DEBUG_INFORMATION_FORMAT = "dwarf-with-dsym";
				ENABLE_NS_ASSERTIONS = NO;
				ENABLE_STRICT_OBJC_MSGSEND = YES;
				GCC_C_LANGUAGE_STANDARD = gnu11;
				GCC_NO_COMMON_BLOCKS = YES;
				GCC_WARN_64_TO_32_BIT_CONVERSION = YES;
				GCC_WARN_ABOUT_RETURN_TYPE = YES_ERROR;
				GCC_WARN_UNDECLARED_SELECTOR = YES;
				GCC_WARN_UNINITIALIZED_AUTOS = YES_AGGRESSIVE;
				GCC_WARN_UNUSED_FUNCTION = YES;
				GCC_WARN_UNUSED_VARIABLE = YES;
				IPHONEOS_DEPLOYMENT_TARGET = 16.2;
				MTL_ENABLE_DEBUG_INFO = NO;
				MTL_FAST_MATH = YES;
				SDKROOT = iphoneos;
				SWIFT_COMPILATION_MODE = wholemodule;
				SWIFT_OPTIMIZATION_LEVEL = "-O";
				VALIDATE_PRODUCT = YES;
			};
			name = Release;
		};
		C449E8E229ED729A00F9409F /* Debug */ = {
			isa = XCBuildConfiguration;
			buildSettings = {
				ASSETCATALOG_COMPILER_APPICON_NAME = AppIcon;
				ASSETCATALOG_COMPILER_GLOBAL_ACCENT_COLOR_NAME = PurpleColor;
				CODE_SIGN_STYLE = Automatic;
				CURRENT_PROJECT_VERSION = 1;
				DEVELOPMENT_ASSET_PATHS = "\"ToddTalks/Preview Content\"";
				DEVELOPMENT_TEAM = 6S38UULUK4;
				ENABLE_PREVIEWS = YES;
				GENERATE_INFOPLIST_FILE = YES;
				INFOPLIST_FILE = ToddTalks/Info.plist;
				INFOPLIST_KEY_NSCameraUsageDescription = "Allow us to use camera";
				INFOPLIST_KEY_NSMicrophoneUsageDescription = "Allow us to use your microphone";
				INFOPLIST_KEY_NSSpeechRecognitionUsageDescription = "Allow to use speech recognition";
				INFOPLIST_KEY_UIApplicationSceneManifest_Generation = YES;
				INFOPLIST_KEY_UIApplicationSupportsIndirectInputEvents = YES;
				INFOPLIST_KEY_UILaunchScreen_Generation = YES;
				INFOPLIST_KEY_UIStatusBarStyle = "";
				INFOPLIST_KEY_UISupportedInterfaceOrientations = UIInterfaceOrientationPortrait;
				INFOPLIST_KEY_UIUserInterfaceStyle = Light;
				LD_RUNPATH_SEARCH_PATHS = (
					"$(inherited)",
					"@executable_path/Frameworks",
				);
				MARKETING_VERSION = 1.0;
				PRODUCT_BUNDLE_IDENTIFIER = com.fernandoptr.ToddTalks;
				PRODUCT_NAME = "$(TARGET_NAME)";
				SWIFT_EMIT_LOC_STRINGS = YES;
				SWIFT_VERSION = 5.0;
				TARGETED_DEVICE_FAMILY = "1,2";
			};
			name = Debug;
		};
		C449E8E329ED729A00F9409F /* Release */ = {
			isa = XCBuildConfiguration;
			buildSettings = {
				ASSETCATALOG_COMPILER_APPICON_NAME = AppIcon;
				ASSETCATALOG_COMPILER_GLOBAL_ACCENT_COLOR_NAME = PurpleColor;
				CODE_SIGN_STYLE = Automatic;
				CURRENT_PROJECT_VERSION = 1;
				DEVELOPMENT_ASSET_PATHS = "\"ToddTalks/Preview Content\"";
				DEVELOPMENT_TEAM = 6S38UULUK4;
				ENABLE_PREVIEWS = YES;
				GENERATE_INFOPLIST_FILE = YES;
				INFOPLIST_FILE = ToddTalks/Info.plist;
				INFOPLIST_KEY_NSCameraUsageDescription = "Allow us to use camera";
				INFOPLIST_KEY_NSMicrophoneUsageDescription = "Allow us to use your microphone";
				INFOPLIST_KEY_NSSpeechRecognitionUsageDescription = "Allow to use speech recognition";
				INFOPLIST_KEY_UIApplicationSceneManifest_Generation = YES;
				INFOPLIST_KEY_UIApplicationSupportsIndirectInputEvents = YES;
				INFOPLIST_KEY_UILaunchScreen_Generation = YES;
				INFOPLIST_KEY_UIStatusBarStyle = "";
				INFOPLIST_KEY_UISupportedInterfaceOrientations = UIInterfaceOrientationPortrait;
				INFOPLIST_KEY_UIUserInterfaceStyle = Light;
				LD_RUNPATH_SEARCH_PATHS = (
					"$(inherited)",
					"@executable_path/Frameworks",
				);
				MARKETING_VERSION = 1.0;
				PRODUCT_BUNDLE_IDENTIFIER = com.fernandoptr.ToddTalks;
				PRODUCT_NAME = "$(TARGET_NAME)";
				SWIFT_EMIT_LOC_STRINGS = YES;
				SWIFT_VERSION = 5.0;
				TARGETED_DEVICE_FAMILY = "1,2";
			};
			name = Release;
		};
/* End XCBuildConfiguration section */

/* Begin XCConfigurationList section */
		C449E8C829ED729900F9409F /* Build configuration list for PBXProject "ToddTalks" */ = {
			isa = XCConfigurationList;
			buildConfigurations = (
				C449E8DF29ED729A00F9409F /* Debug */,
				C449E8E029ED729A00F9409F /* Release */,
			);
			defaultConfigurationIsVisible = 0;
			defaultConfigurationName = Release;
		};
		C449E8E129ED729A00F9409F /* Build configuration list for PBXNativeTarget "ToddTalks" */ = {
			isa = XCConfigurationList;
			buildConfigurations = (
				C449E8E229ED729A00F9409F /* Debug */,
				C449E8E329ED729A00F9409F /* Release */,
			);
			defaultConfigurationIsVisible = 0;
			defaultConfigurationName = Release;
		};
/* End XCConfigurationList section */

/* Begin XCRemoteSwiftPackageReference section */
		C449E90529ED8B4B00F9409F /* XCRemoteSwiftPackageReference "lottie-spm" */ = {
			isa = XCRemoteSwiftPackageReference;
			repositoryURL = "https://github.com/airbnb/lottie-spm.git";
			requirement = {
				branch = main;
				kind = branch;
			};
		};
/* End XCRemoteSwiftPackageReference section */

/* Begin XCSwiftPackageProductDependency section */
		C46F1DA92A021DAF00C34D62 /* Lottie */ = {
			isa = XCSwiftPackageProductDependency;
			package = C449E90529ED8B4B00F9409F /* XCRemoteSwiftPackageReference "lottie-spm" */;
			productName = Lottie;
		};
/* End XCSwiftPackageProductDependency section */

/* Begin XCVersionGroup section */
		6149CA532A01E7FE0070D658 /* CompletedStageModel.xcdatamodeld */ = {
			isa = XCVersionGroup;
			children = (
				6149CA542A01E7FE0070D658 /* CompletedStageModel.xcdatamodel */,
				6149CA552A01E7FE0070D658 /* StageModel.xcdatamodel */,
			);
			currentVersion = 6149CA542A01E7FE0070D658 /* CompletedStageModel.xcdatamodel */;
			path = CompletedStageModel.xcdatamodeld;
			sourceTree = "<group>";
			versionGroupType = wrapper.xcdatamodel;
		};
		C449E8DB29ED729A00F9409F /* ToddTalks.xcdatamodeld */ = {
			isa = XCVersionGroup;
			children = (
				C449E8DC29ED729A00F9409F /* ToddTalks.xcdatamodel */,
			);
			currentVersion = C449E8DC29ED729A00F9409F /* ToddTalks.xcdatamodel */;
			path = ToddTalks.xcdatamodeld;
			sourceTree = "<group>";
			versionGroupType = wrapper.xcdatamodel;
		};
/* End XCVersionGroup section */
	};
	rootObject = C449E8C529ED729900F9409F /* Project object */;
}
